// !$*UTF8*$!
{
	archiveVersion = 1;
	classes = {
	};
	objectVersion = 51;
	objects = {

/* Begin PBXBuildFile section */
		26ABC0941C7EE4565A5F4391 /* Pods_CrowdedTests.framework in Frameworks */ = {isa = PBXBuildFile; fileRef = 332D002A00E2356534C6B78F /* Pods_CrowdedTests.framework */; };
		308F57DF3219D2D694FFE0E3 /* Pods_Crowded.framework in Frameworks */ = {isa = PBXBuildFile; fileRef = C9C3E18415A651191868BC6B /* Pods_Crowded.framework */; };
		36D4C1BD64EC93ED9BB8C46C /* Pods_Crowded_CrowdedUITests.framework in Frameworks */ = {isa = PBXBuildFile; fileRef = A473FBF1D0CB343F459FA649 /* Pods_Crowded_CrowdedUITests.framework */; };
		6C1AF37926FA1F1000DD166F /* ReportType.swift in Sources */ = {isa = PBXBuildFile; fileRef = 6C1AF37826FA1F1000DD166F /* ReportType.swift */; };
		6C26565F256675310096FD5D /* NetworkController.swift in Sources */ = {isa = PBXBuildFile; fileRef = 6C26565E256675310096FD5D /* NetworkController.swift */; };
		6C26567C25668ADB0096FD5D /* LocationHeader.swift in Sources */ = {isa = PBXBuildFile; fileRef = 6C26567B25668ADB0096FD5D /* LocationHeader.swift */; };
		6C265686256691370096FD5D /* BusinessDetailViewController.swift in Sources */ = {isa = PBXBuildFile; fileRef = 6C265685256691370096FD5D /* BusinessDetailViewController.swift */; };
		6C2656AD2566B4800096FD5D /* BusinessImageHeaderTableViewCell.swift in Sources */ = {isa = PBXBuildFile; fileRef = 6C2656AC2566B4800096FD5D /* BusinessImageHeaderTableViewCell.swift */; };
		6C2656B52566B49E0096FD5D /* BusinessHeaderTableViewCell.swift in Sources */ = {isa = PBXBuildFile; fileRef = 6C2656B42566B49E0096FD5D /* BusinessHeaderTableViewCell.swift */; };
		6C2656BA2566B4B90096FD5D /* BusinessLocationTableViewCell.swift in Sources */ = {isa = PBXBuildFile; fileRef = 6C2656B92566B4B90096FD5D /* BusinessLocationTableViewCell.swift */; };
		6C2656BF2566B4D20096FD5D /* BusinessContactTableViewCell.swift in Sources */ = {isa = PBXBuildFile; fileRef = 6C2656BE2566B4D20096FD5D /* BusinessContactTableViewCell.swift */; };
		6C2656C72566C0E90096FD5D /* ReusableViewEnum.swift in Sources */ = {isa = PBXBuildFile; fileRef = 6C2656C62566C0E90096FD5D /* ReusableViewEnum.swift */; };
		6C26576425679A860096FD5D /* Constant.swift in Sources */ = {isa = PBXBuildFile; fileRef = 6C26576325679A860096FD5D /* Constant.swift */; };
		6C26576925679B220096FD5D /* BMError.swift in Sources */ = {isa = PBXBuildFile; fileRef = 6C26576825679B220096FD5D /* BMError.swift */; };
		6C26576F2567A6560096FD5D /* SettingsTableViewCell.swift in Sources */ = {isa = PBXBuildFile; fileRef = 6C26576E2567A6560096FD5D /* SettingsTableViewCell.swift */; };
		6C26577B2567A6AB0096FD5D /* SettingsViewController.swift in Sources */ = {isa = PBXBuildFile; fileRef = 6C26577A2567A6AB0096FD5D /* SettingsViewController.swift */; };
		6C2657832567A6CC0096FD5D /* BaseViewController.swift in Sources */ = {isa = PBXBuildFile; fileRef = 6C2657822567A6CC0096FD5D /* BaseViewController.swift */; };
		6C2657882567A6DF0096FD5D /* WebViewController.swift in Sources */ = {isa = PBXBuildFile; fileRef = 6C2657872567A6DF0096FD5D /* WebViewController.swift */; };
		6C26578D2567A6EF0096FD5D /* ReportViewController.swift in Sources */ = {isa = PBXBuildFile; fileRef = 6C26578C2567A6EF0096FD5D /* ReportViewController.swift */; };
		6C26579B2567A7650096FD5D /* EditingTableViewController.swift in Sources */ = {isa = PBXBuildFile; fileRef = 6C26579A2567A7650096FD5D /* EditingTableViewController.swift */; };
		6C2657A32567A78D0096FD5D /* TableViewController.swift in Sources */ = {isa = PBXBuildFile; fileRef = 6C2657A22567A78D0096FD5D /* TableViewController.swift */; };
		6C2657B52567A7F70096FD5D /* DetailsTableViewCell.xib in Resources */ = {isa = PBXBuildFile; fileRef = 6C2657A82567A7F70096FD5D /* DetailsTableViewCell.xib */; };
		6C2657B62567A7F70096FD5D /* SpaceTableViewCell.xib in Resources */ = {isa = PBXBuildFile; fileRef = 6C2657A92567A7F70096FD5D /* SpaceTableViewCell.xib */; };
		6C2657B72567A7F70096FD5D /* SpacerTableViewCell.swift in Sources */ = {isa = PBXBuildFile; fileRef = 6C2657AA2567A7F70096FD5D /* SpacerTableViewCell.swift */; };
		6C2657B82567A7F70096FD5D /* HeaderTableViewCell.xib in Resources */ = {isa = PBXBuildFile; fileRef = 6C2657AB2567A7F70096FD5D /* HeaderTableViewCell.xib */; };
		6C2657B92567A7F70096FD5D /* HeaderTableViewCell.swift in Sources */ = {isa = PBXBuildFile; fileRef = 6C2657AC2567A7F70096FD5D /* HeaderTableViewCell.swift */; };
		6C2657BA2567A7F70096FD5D /* SpaceTableViewCell.swift in Sources */ = {isa = PBXBuildFile; fileRef = 6C2657AD2567A7F70096FD5D /* SpaceTableViewCell.swift */; };
		6C2657BC2567A7F70096FD5D /* TextFieldTableViewCell.xib in Resources */ = {isa = PBXBuildFile; fileRef = 6C2657AF2567A7F70096FD5D /* TextFieldTableViewCell.xib */; };
		6C2657BD2567A7F70096FD5D /* DetailsTableViewCell.swift in Sources */ = {isa = PBXBuildFile; fileRef = 6C2657B02567A7F70096FD5D /* DetailsTableViewCell.swift */; };
		6C2657BE2567A7F70096FD5D /* TextViewTableViewCell.swift in Sources */ = {isa = PBXBuildFile; fileRef = 6C2657B12567A7F70096FD5D /* TextViewTableViewCell.swift */; };
		6C2657BF2567A7F70096FD5D /* TextFieldTableViewCell.swift in Sources */ = {isa = PBXBuildFile; fileRef = 6C2657B22567A7F70096FD5D /* TextFieldTableViewCell.swift */; };
		6C2657C02567A7F70096FD5D /* SpacerTableViewCell.xib in Resources */ = {isa = PBXBuildFile; fileRef = 6C2657B32567A7F70096FD5D /* SpacerTableViewCell.xib */; };
		6C2657C12567A7F70096FD5D /* TextViewTableViewCell.xib in Resources */ = {isa = PBXBuildFile; fileRef = 6C2657B42567A7F70096FD5D /* TextViewTableViewCell.xib */; };
		6C2657D72567B8680096FD5D /* TableViewLayout.swift in Sources */ = {isa = PBXBuildFile; fileRef = 6C2657D62567B8680096FD5D /* TableViewLayout.swift */; };
		6C2658082567BF740096FD5D /* Colours.xcassets in Resources */ = {isa = PBXBuildFile; fileRef = 6C2658072567BF740096FD5D /* Colours.xcassets */; };
		6CD6CCE2257927FE00B78C98 /* crowded.json in Resources */ = {isa = PBXBuildFile; fileRef = 6CD6CCE1257927FE00B78C98 /* crowded.json */; };
		6CD6CCE725792A4600B78C98 /* BusinessDetails.swift in Sources */ = {isa = PBXBuildFile; fileRef = 6CD6CCE625792A4600B78C98 /* BusinessDetails.swift */; };
		6CD6CCFC257935F700B78C98 /* Business.swift in Sources */ = {isa = PBXBuildFile; fileRef = 6CD6CCFB257935F700B78C98 /* Business.swift */; };
		6CE98A34256642EF00C8BB2F /* AppDelegate.swift in Sources */ = {isa = PBXBuildFile; fileRef = 6CE98A33256642EF00C8BB2F /* AppDelegate.swift */; };
		6CE98A36256642EF00C8BB2F /* SceneDelegate.swift in Sources */ = {isa = PBXBuildFile; fileRef = 6CE98A35256642EF00C8BB2F /* SceneDelegate.swift */; };
		6CE98A38256642EF00C8BB2F /* MainViewController.swift in Sources */ = {isa = PBXBuildFile; fileRef = 6CE98A37256642EF00C8BB2F /* MainViewController.swift */; };
		6CE98A3B256642EF00C8BB2F /* Main.storyboard in Resources */ = {isa = PBXBuildFile; fileRef = 6CE98A39256642EF00C8BB2F /* Main.storyboard */; };
		6CE98A3E256642EF00C8BB2F /* Crowded.xcdatamodeld in Sources */ = {isa = PBXBuildFile; fileRef = 6CE98A3C256642EF00C8BB2F /* Crowded.xcdatamodeld */; };
		6CE98A40256642F100C8BB2F /* Assets.xcassets in Resources */ = {isa = PBXBuildFile; fileRef = 6CE98A3F256642F100C8BB2F /* Assets.xcassets */; };
		6CE98A43256642F100C8BB2F /* LaunchScreen.storyboard in Resources */ = {isa = PBXBuildFile; fileRef = 6CE98A41256642F100C8BB2F /* LaunchScreen.storyboard */; };
		6CE98A4E256642F100C8BB2F /* CrowdedTests.swift in Sources */ = {isa = PBXBuildFile; fileRef = 6CE98A4D256642F100C8BB2F /* CrowdedTests.swift */; };
		6CE98A59256642F100C8BB2F /* CrowdedUITests.swift in Sources */ = {isa = PBXBuildFile; fileRef = 6CE98A58256642F100C8BB2F /* CrowdedUITests.swift */; };
		6CE98A7425664BBD00C8BB2F /* GoogleService-Info.plist in Resources */ = {isa = PBXBuildFile; fileRef = 6CE98A7325664BBD00C8BB2F /* GoogleService-Info.plist */; };
		6CE98ADD256659CA00C8BB2F /* BusinessBase.swift in Sources */ = {isa = PBXBuildFile; fileRef = 6CE98ADC256659CA00C8BB2F /* BusinessBase.swift */; };
		6CE98AFD2566654500C8BB2F /* Extension.swift in Sources */ = {isa = PBXBuildFile; fileRef = 6CE98AFC2566654500C8BB2F /* Extension.swift */; };
		6CE98B1525666D0D00C8BB2F /* BusinessCollectionViewCell.swift in Sources */ = {isa = PBXBuildFile; fileRef = 6CE98B1425666D0D00C8BB2F /* BusinessCollectionViewCell.swift */; };
		6CE98B1A25666E9500C8BB2F /* FeaturedCollectionViewCell.swift in Sources */ = {isa = PBXBuildFile; fileRef = 6CE98B1925666E9500C8BB2F /* FeaturedCollectionViewCell.swift */; };
/* End PBXBuildFile section */

/* Begin PBXContainerItemProxy section */
		6CE98A4A256642F100C8BB2F /* PBXContainerItemProxy */ = {
			isa = PBXContainerItemProxy;
			containerPortal = 6CE98A28256642EF00C8BB2F /* Project object */;
			proxyType = 1;
			remoteGlobalIDString = 6CE98A2F256642EF00C8BB2F;
			remoteInfo = Crowded;
		};
		6CE98A55256642F100C8BB2F /* PBXContainerItemProxy */ = {
			isa = PBXContainerItemProxy;
			containerPortal = 6CE98A28256642EF00C8BB2F /* Project object */;
			proxyType = 1;
			remoteGlobalIDString = 6CE98A2F256642EF00C8BB2F;
			remoteInfo = Crowded;
		};
/* End PBXContainerItemProxy section */

/* Begin PBXFileReference section */
		332D002A00E2356534C6B78F /* Pods_CrowdedTests.framework */ = {isa = PBXFileReference; explicitFileType = wrapper.framework; includeInIndex = 0; path = Pods_CrowdedTests.framework; sourceTree = BUILT_PRODUCTS_DIR; };
		6A3E9AD4DA9DE56F4B9790EA /* Pods-Crowded.release.xcconfig */ = {isa = PBXFileReference; includeInIndex = 1; lastKnownFileType = text.xcconfig; name = "Pods-Crowded.release.xcconfig"; path = "Target Support Files/Pods-Crowded/Pods-Crowded.release.xcconfig"; sourceTree = "<group>"; };
		6A5C93D9E0C71E4874EEA4A8 /* Pods-Crowded-CrowdedUITests.release.xcconfig */ = {isa = PBXFileReference; includeInIndex = 1; lastKnownFileType = text.xcconfig; name = "Pods-Crowded-CrowdedUITests.release.xcconfig"; path = "Target Support Files/Pods-Crowded-CrowdedUITests/Pods-Crowded-CrowdedUITests.release.xcconfig"; sourceTree = "<group>"; };
		6C1AF37826FA1F1000DD166F /* ReportType.swift */ = {isa = PBXFileReference; lastKnownFileType = sourcecode.swift; path = ReportType.swift; sourceTree = "<group>"; };
		6C26565E256675310096FD5D /* NetworkController.swift */ = {isa = PBXFileReference; lastKnownFileType = sourcecode.swift; path = NetworkController.swift; sourceTree = "<group>"; };
		6C26567B25668ADB0096FD5D /* LocationHeader.swift */ = {isa = PBXFileReference; lastKnownFileType = sourcecode.swift; path = LocationHeader.swift; sourceTree = "<group>"; };
		6C265685256691370096FD5D /* BusinessDetailViewController.swift */ = {isa = PBXFileReference; lastKnownFileType = sourcecode.swift; path = BusinessDetailViewController.swift; sourceTree = "<group>"; };
		6C2656AC2566B4800096FD5D /* BusinessImageHeaderTableViewCell.swift */ = {isa = PBXFileReference; lastKnownFileType = sourcecode.swift; path = BusinessImageHeaderTableViewCell.swift; sourceTree = "<group>"; };
		6C2656B42566B49E0096FD5D /* BusinessHeaderTableViewCell.swift */ = {isa = PBXFileReference; lastKnownFileType = sourcecode.swift; path = BusinessHeaderTableViewCell.swift; sourceTree = "<group>"; };
		6C2656B92566B4B90096FD5D /* BusinessLocationTableViewCell.swift */ = {isa = PBXFileReference; lastKnownFileType = sourcecode.swift; path = BusinessLocationTableViewCell.swift; sourceTree = "<group>"; };
		6C2656BE2566B4D20096FD5D /* BusinessContactTableViewCell.swift */ = {isa = PBXFileReference; lastKnownFileType = sourcecode.swift; path = BusinessContactTableViewCell.swift; sourceTree = "<group>"; };
		6C2656C62566C0E90096FD5D /* ReusableViewEnum.swift */ = {isa = PBXFileReference; lastKnownFileType = sourcecode.swift; path = ReusableViewEnum.swift; sourceTree = "<group>"; };
		6C26576325679A860096FD5D /* Constant.swift */ = {isa = PBXFileReference; lastKnownFileType = sourcecode.swift; path = Constant.swift; sourceTree = "<group>"; };
		6C26576825679B220096FD5D /* BMError.swift */ = {isa = PBXFileReference; lastKnownFileType = sourcecode.swift; path = BMError.swift; sourceTree = "<group>"; };
		6C26576E2567A6560096FD5D /* SettingsTableViewCell.swift */ = {isa = PBXFileReference; lastKnownFileType = sourcecode.swift; path = SettingsTableViewCell.swift; sourceTree = "<group>"; };
		6C26577A2567A6AB0096FD5D /* SettingsViewController.swift */ = {isa = PBXFileReference; lastKnownFileType = sourcecode.swift; path = SettingsViewController.swift; sourceTree = "<group>"; };
		6C2657822567A6CC0096FD5D /* BaseViewController.swift */ = {isa = PBXFileReference; lastKnownFileType = sourcecode.swift; path = BaseViewController.swift; sourceTree = "<group>"; };
		6C2657872567A6DF0096FD5D /* WebViewController.swift */ = {isa = PBXFileReference; lastKnownFileType = sourcecode.swift; path = WebViewController.swift; sourceTree = "<group>"; };
		6C26578C2567A6EF0096FD5D /* ReportViewController.swift */ = {isa = PBXFileReference; lastKnownFileType = sourcecode.swift; path = ReportViewController.swift; sourceTree = "<group>"; };
		6C26579A2567A7650096FD5D /* EditingTableViewController.swift */ = {isa = PBXFileReference; lastKnownFileType = sourcecode.swift; path = EditingTableViewController.swift; sourceTree = "<group>"; };
		6C2657A22567A78D0096FD5D /* TableViewController.swift */ = {isa = PBXFileReference; lastKnownFileType = sourcecode.swift; path = TableViewController.swift; sourceTree = "<group>"; };
		6C2657A82567A7F70096FD5D /* DetailsTableViewCell.xib */ = {isa = PBXFileReference; fileEncoding = 4; lastKnownFileType = file.xib; path = DetailsTableViewCell.xib; sourceTree = "<group>"; };
		6C2657A92567A7F70096FD5D /* SpaceTableViewCell.xib */ = {isa = PBXFileReference; fileEncoding = 4; lastKnownFileType = file.xib; path = SpaceTableViewCell.xib; sourceTree = "<group>"; };
		6C2657AA2567A7F70096FD5D /* SpacerTableViewCell.swift */ = {isa = PBXFileReference; fileEncoding = 4; lastKnownFileType = sourcecode.swift; path = SpacerTableViewCell.swift; sourceTree = "<group>"; };
		6C2657AB2567A7F70096FD5D /* HeaderTableViewCell.xib */ = {isa = PBXFileReference; fileEncoding = 4; lastKnownFileType = file.xib; path = HeaderTableViewCell.xib; sourceTree = "<group>"; };
		6C2657AC2567A7F70096FD5D /* HeaderTableViewCell.swift */ = {isa = PBXFileReference; fileEncoding = 4; lastKnownFileType = sourcecode.swift; path = HeaderTableViewCell.swift; sourceTree = "<group>"; };
		6C2657AD2567A7F70096FD5D /* SpaceTableViewCell.swift */ = {isa = PBXFileReference; fileEncoding = 4; lastKnownFileType = sourcecode.swift; path = SpaceTableViewCell.swift; sourceTree = "<group>"; };
		6C2657AE2567A7F70096FD5D /* TableViewLayout.swift */ = {isa = PBXFileReference; fileEncoding = 4; lastKnownFileType = sourcecode.swift; path = TableViewLayout.swift; sourceTree = "<group>"; };
		6C2657AF2567A7F70096FD5D /* TextFieldTableViewCell.xib */ = {isa = PBXFileReference; fileEncoding = 4; lastKnownFileType = file.xib; path = TextFieldTableViewCell.xib; sourceTree = "<group>"; };
		6C2657B02567A7F70096FD5D /* DetailsTableViewCell.swift */ = {isa = PBXFileReference; fileEncoding = 4; lastKnownFileType = sourcecode.swift; path = DetailsTableViewCell.swift; sourceTree = "<group>"; };
		6C2657B12567A7F70096FD5D /* TextViewTableViewCell.swift */ = {isa = PBXFileReference; fileEncoding = 4; lastKnownFileType = sourcecode.swift; path = TextViewTableViewCell.swift; sourceTree = "<group>"; };
		6C2657B22567A7F70096FD5D /* TextFieldTableViewCell.swift */ = {isa = PBXFileReference; fileEncoding = 4; lastKnownFileType = sourcecode.swift; path = TextFieldTableViewCell.swift; sourceTree = "<group>"; };
		6C2657B32567A7F70096FD5D /* SpacerTableViewCell.xib */ = {isa = PBXFileReference; fileEncoding = 4; lastKnownFileType = file.xib; path = SpacerTableViewCell.xib; sourceTree = "<group>"; };
		6C2657B42567A7F70096FD5D /* TextViewTableViewCell.xib */ = {isa = PBXFileReference; fileEncoding = 4; lastKnownFileType = file.xib; path = TextViewTableViewCell.xib; sourceTree = "<group>"; };
		6C2657D62567B8680096FD5D /* TableViewLayout.swift */ = {isa = PBXFileReference; lastKnownFileType = sourcecode.swift; path = TableViewLayout.swift; sourceTree = "<group>"; };
		6C2658072567BF740096FD5D /* Colours.xcassets */ = {isa = PBXFileReference; lastKnownFileType = folder.assetcatalog; path = Colours.xcassets; sourceTree = "<group>"; };
		6CD6CCE1257927FE00B78C98 /* crowded.json */ = {isa = PBXFileReference; fileEncoding = 4; lastKnownFileType = text.json; path = crowded.json; sourceTree = "<group>"; };
		6CD6CCE625792A4600B78C98 /* BusinessDetails.swift */ = {isa = PBXFileReference; lastKnownFileType = sourcecode.swift; path = BusinessDetails.swift; sourceTree = "<group>"; };
		6CD6CCFB257935F700B78C98 /* Business.swift */ = {isa = PBXFileReference; lastKnownFileType = sourcecode.swift; path = Business.swift; sourceTree = "<group>"; };
		6CE98A30256642EF00C8BB2F /* Crowded.app */ = {isa = PBXFileReference; explicitFileType = wrapper.application; includeInIndex = 0; path = Crowded.app; sourceTree = BUILT_PRODUCTS_DIR; };
		6CE98A33256642EF00C8BB2F /* AppDelegate.swift */ = {isa = PBXFileReference; lastKnownFileType = sourcecode.swift; path = AppDelegate.swift; sourceTree = "<group>"; };
		6CE98A35256642EF00C8BB2F /* SceneDelegate.swift */ = {isa = PBXFileReference; lastKnownFileType = sourcecode.swift; path = SceneDelegate.swift; sourceTree = "<group>"; };
		6CE98A37256642EF00C8BB2F /* MainViewController.swift */ = {isa = PBXFileReference; lastKnownFileType = sourcecode.swift; path = MainViewController.swift; sourceTree = "<group>"; };
		6CE98A3A256642EF00C8BB2F /* Base */ = {isa = PBXFileReference; lastKnownFileType = file.storyboard; name = Base; path = Base.lproj/Main.storyboard; sourceTree = "<group>"; };
		6CE98A3D256642EF00C8BB2F /* Crowded.xcdatamodel */ = {isa = PBXFileReference; lastKnownFileType = wrapper.xcdatamodel; path = Crowded.xcdatamodel; sourceTree = "<group>"; };
		6CE98A3F256642F100C8BB2F /* Assets.xcassets */ = {isa = PBXFileReference; lastKnownFileType = folder.assetcatalog; path = Assets.xcassets; sourceTree = "<group>"; };
		6CE98A42256642F100C8BB2F /* Base */ = {isa = PBXFileReference; lastKnownFileType = file.storyboard; name = Base; path = Base.lproj/LaunchScreen.storyboard; sourceTree = "<group>"; };
		6CE98A44256642F100C8BB2F /* Info.plist */ = {isa = PBXFileReference; lastKnownFileType = text.plist.xml; path = Info.plist; sourceTree = "<group>"; };
		6CE98A49256642F100C8BB2F /* CrowdedTests.xctest */ = {isa = PBXFileReference; explicitFileType = wrapper.cfbundle; includeInIndex = 0; path = CrowdedTests.xctest; sourceTree = BUILT_PRODUCTS_DIR; };
		6CE98A4D256642F100C8BB2F /* CrowdedTests.swift */ = {isa = PBXFileReference; lastKnownFileType = sourcecode.swift; path = CrowdedTests.swift; sourceTree = "<group>"; };
		6CE98A4F256642F100C8BB2F /* Info.plist */ = {isa = PBXFileReference; lastKnownFileType = text.plist.xml; path = Info.plist; sourceTree = "<group>"; };
		6CE98A54256642F100C8BB2F /* CrowdedUITests.xctest */ = {isa = PBXFileReference; explicitFileType = wrapper.cfbundle; includeInIndex = 0; path = CrowdedUITests.xctest; sourceTree = BUILT_PRODUCTS_DIR; };
		6CE98A58256642F100C8BB2F /* CrowdedUITests.swift */ = {isa = PBXFileReference; lastKnownFileType = sourcecode.swift; path = CrowdedUITests.swift; sourceTree = "<group>"; };
		6CE98A5A256642F100C8BB2F /* Info.plist */ = {isa = PBXFileReference; lastKnownFileType = text.plist.xml; path = Info.plist; sourceTree = "<group>"; };
		6CE98A7325664BBD00C8BB2F /* GoogleService-Info.plist */ = {isa = PBXFileReference; fileEncoding = 4; lastKnownFileType = text.plist.xml; path = "GoogleService-Info.plist"; sourceTree = "<group>"; };
		6CE98ADC256659CA00C8BB2F /* BusinessBase.swift */ = {isa = PBXFileReference; lastKnownFileType = sourcecode.swift; path = BusinessBase.swift; sourceTree = "<group>"; };
		6CE98AFC2566654500C8BB2F /* Extension.swift */ = {isa = PBXFileReference; lastKnownFileType = sourcecode.swift; path = Extension.swift; sourceTree = "<group>"; };
		6CE98B1425666D0D00C8BB2F /* BusinessCollectionViewCell.swift */ = {isa = PBXFileReference; lastKnownFileType = sourcecode.swift; path = BusinessCollectionViewCell.swift; sourceTree = "<group>"; };
		6CE98B1925666E9500C8BB2F /* FeaturedCollectionViewCell.swift */ = {isa = PBXFileReference; lastKnownFileType = sourcecode.swift; path = FeaturedCollectionViewCell.swift; sourceTree = "<group>"; };
		99DB7D75D0393B5ED64EB3DC /* Pods-Crowded.debug.xcconfig */ = {isa = PBXFileReference; includeInIndex = 1; lastKnownFileType = text.xcconfig; name = "Pods-Crowded.debug.xcconfig"; path = "Target Support Files/Pods-Crowded/Pods-Crowded.debug.xcconfig"; sourceTree = "<group>"; };
		A473FBF1D0CB343F459FA649 /* Pods_Crowded_CrowdedUITests.framework */ = {isa = PBXFileReference; explicitFileType = wrapper.framework; includeInIndex = 0; path = Pods_Crowded_CrowdedUITests.framework; sourceTree = BUILT_PRODUCTS_DIR; };
		A981257F5E29D36E2F4832A4 /* Pods-Crowded-CrowdedUITests.debug.xcconfig */ = {isa = PBXFileReference; includeInIndex = 1; lastKnownFileType = text.xcconfig; name = "Pods-Crowded-CrowdedUITests.debug.xcconfig"; path = "Target Support Files/Pods-Crowded-CrowdedUITests/Pods-Crowded-CrowdedUITests.debug.xcconfig"; sourceTree = "<group>"; };
		ACB25B2335846D1AF428B3A5 /* Pods-CrowdedTests.release.xcconfig */ = {isa = PBXFileReference; includeInIndex = 1; lastKnownFileType = text.xcconfig; name = "Pods-CrowdedTests.release.xcconfig"; path = "Target Support Files/Pods-CrowdedTests/Pods-CrowdedTests.release.xcconfig"; sourceTree = "<group>"; };
		C9C3E18415A651191868BC6B /* Pods_Crowded.framework */ = {isa = PBXFileReference; explicitFileType = wrapper.framework; includeInIndex = 0; path = Pods_Crowded.framework; sourceTree = BUILT_PRODUCTS_DIR; };
		E269DFC48C6B6A03073CFCC2 /* Pods-CrowdedTests.debug.xcconfig */ = {isa = PBXFileReference; includeInIndex = 1; lastKnownFileType = text.xcconfig; name = "Pods-CrowdedTests.debug.xcconfig"; path = "Target Support Files/Pods-CrowdedTests/Pods-CrowdedTests.debug.xcconfig"; sourceTree = "<group>"; };
/* End PBXFileReference section */

/* Begin PBXFrameworksBuildPhase section */
		6CE98A2D256642EF00C8BB2F /* Frameworks */ = {
			isa = PBXFrameworksBuildPhase;
			buildActionMask = 2147483647;
			files = (
				308F57DF3219D2D694FFE0E3 /* Pods_Crowded.framework in Frameworks */,
			);
			runOnlyForDeploymentPostprocessing = 0;
		};
		6CE98A46256642F100C8BB2F /* Frameworks */ = {
			isa = PBXFrameworksBuildPhase;
			buildActionMask = 2147483647;
			files = (
				26ABC0941C7EE4565A5F4391 /* Pods_CrowdedTests.framework in Frameworks */,
			);
			runOnlyForDeploymentPostprocessing = 0;
		};
		6CE98A51256642F100C8BB2F /* Frameworks */ = {
			isa = PBXFrameworksBuildPhase;
			buildActionMask = 2147483647;
			files = (
				36D4C1BD64EC93ED9BB8C46C /* Pods_Crowded_CrowdedUITests.framework in Frameworks */,
			);
			runOnlyForDeploymentPostprocessing = 0;
		};
/* End PBXFrameworksBuildPhase section */

/* Begin PBXGroup section */
		6C26565D256675190096FD5D /* Network */ = {
			isa = PBXGroup;
			children = (
				6C26565E256675310096FD5D /* NetworkController.swift */,
				6C26576825679B220096FD5D /* BMError.swift */,
			);
			path = Network;
			sourceTree = "<group>";
		};
		6C26567925668AA90096FD5D /* Businesses Collection Cells */ = {
			isa = PBXGroup;
			children = (
				6CE98B1925666E9500C8BB2F /* FeaturedCollectionViewCell.swift */,
				6CE98B1425666D0D00C8BB2F /* BusinessCollectionViewCell.swift */,
			);
			path = "Businesses Collection Cells";
			sourceTree = "<group>";
		};
		6C26567A25668AAF0096FD5D /* Collection Header */ = {
			isa = PBXGroup;
			children = (
				6C26567B25668ADB0096FD5D /* LocationHeader.swift */,
			);
			path = "Collection Header";
			sourceTree = "<group>";
		};
		6C2656AB2566B45B0096FD5D /* Business Table Cells */ = {
			isa = PBXGroup;
			children = (
				6C2656AC2566B4800096FD5D /* BusinessImageHeaderTableViewCell.swift */,
				6C2656B42566B49E0096FD5D /* BusinessHeaderTableViewCell.swift */,
				6C2656B92566B4B90096FD5D /* BusinessLocationTableViewCell.swift */,
				6C2656BE2566B4D20096FD5D /* BusinessContactTableViewCell.swift */,
			);
			path = "Business Table Cells";
			sourceTree = "<group>";
		};
		6C26576D2567A64E0096FD5D /* Settings */ = {
			isa = PBXGroup;
			children = (
				6C26576E2567A6560096FD5D /* SettingsTableViewCell.swift */,
				6C2657A72567A7CE0096FD5D /* Cells */,
			);
			path = Settings;
			sourceTree = "<group>";
		};
		6C2657792567A69B0096FD5D /* Settings */ = {
			isa = PBXGroup;
			children = (
				6C26577A2567A6AB0096FD5D /* SettingsViewController.swift */,
				6C2657822567A6CC0096FD5D /* BaseViewController.swift */,
				6C2657872567A6DF0096FD5D /* WebViewController.swift */,
				6C26578C2567A6EF0096FD5D /* ReportViewController.swift */,
			);
			path = Settings;
			sourceTree = "<group>";
		};
		6C2657992567A75D0096FD5D /* Table */ = {
			isa = PBXGroup;
			children = (
				6C26579A2567A7650096FD5D /* EditingTableViewController.swift */,
				6C2657A22567A78D0096FD5D /* TableViewController.swift */,
			);
			path = Table;
			sourceTree = "<group>";
		};
		6C2657A72567A7CE0096FD5D /* Cells */ = {
			isa = PBXGroup;
			children = (
				6C2657B02567A7F70096FD5D /* DetailsTableViewCell.swift */,
				6C2657A82567A7F70096FD5D /* DetailsTableViewCell.xib */,
				6C2657AC2567A7F70096FD5D /* HeaderTableViewCell.swift */,
				6C2657AB2567A7F70096FD5D /* HeaderTableViewCell.xib */,
				6C2657AA2567A7F70096FD5D /* SpacerTableViewCell.swift */,
				6C2657B32567A7F70096FD5D /* SpacerTableViewCell.xib */,
				6C2657AD2567A7F70096FD5D /* SpaceTableViewCell.swift */,
				6C2657A92567A7F70096FD5D /* SpaceTableViewCell.xib */,
				6C2657AE2567A7F70096FD5D /* TableViewLayout.swift */,
				6C2657B22567A7F70096FD5D /* TextFieldTableViewCell.swift */,
				6C2657AF2567A7F70096FD5D /* TextFieldTableViewCell.xib */,
				6C2657B12567A7F70096FD5D /* TextViewTableViewCell.swift */,
				6C2657B42567A7F70096FD5D /* TextViewTableViewCell.xib */,
			);
			path = Cells;
			sourceTree = "<group>";
		};
		6CD6CD0B25793B4400B78C98 /* Extensions */ = {
			isa = PBXGroup;
			children = (
				6CE98AFC2566654500C8BB2F /* Extension.swift */,
				6C2656C62566C0E90096FD5D /* ReusableViewEnum.swift */,
			);
			path = Extensions;
			sourceTree = "<group>";
		};
		6CE98A27256642EF00C8BB2F = {
			isa = PBXGroup;
			children = (
				6CE98A32256642EF00C8BB2F /* Crowded */,
				6CE98A4C256642F100C8BB2F /* CrowdedTests */,
				6CE98A57256642F100C8BB2F /* CrowdedUITests */,
				6CE98A31256642EF00C8BB2F /* Products */,
				ED50B88C44D2F0DF6F961FEA /* Pods */,
				FA52CBF1F12117F396A6E732 /* Frameworks */,
			);
			sourceTree = "<group>";
		};
		6CE98A31256642EF00C8BB2F /* Products */ = {
			isa = PBXGroup;
			children = (
				6CE98A30256642EF00C8BB2F /* Crowded.app */,
				6CE98A49256642F100C8BB2F /* CrowdedTests.xctest */,
				6CE98A54256642F100C8BB2F /* CrowdedUITests.xctest */,
			);
			name = Products;
			sourceTree = "<group>";
		};
		6CE98A32256642EF00C8BB2F /* Crowded */ = {
			isa = PBXGroup;
			children = (
				6CE98A33256642EF00C8BB2F /* AppDelegate.swift */,
				6CE98A35256642EF00C8BB2F /* SceneDelegate.swift */,
				6CE98A7125664B4800C8BB2F /* Model */,
				6CE98A7925664BD100C8BB2F /* View */,
				6CE98A8C25664DAB00C8BB2F /* Controllers */,
				6CE98A6F25664B3100C8BB2F /* Resources */,
				6CE98A8B25664D0100C8BB2F /* Supporting Files */,
			);
			path = Crowded;
			sourceTree = "<group>";
		};
		6CE98A4C256642F100C8BB2F /* CrowdedTests */ = {
			isa = PBXGroup;
			children = (
				6CE98A4D256642F100C8BB2F /* CrowdedTests.swift */,
				6CE98A4F256642F100C8BB2F /* Info.plist */,
			);
			path = CrowdedTests;
			sourceTree = "<group>";
		};
		6CE98A57256642F100C8BB2F /* CrowdedUITests */ = {
			isa = PBXGroup;
			children = (
				6CE98A58256642F100C8BB2F /* CrowdedUITests.swift */,
				6CE98A5A256642F100C8BB2F /* Info.plist */,
			);
			path = CrowdedUITests;
			sourceTree = "<group>";
		};
		6CE98A6F25664B3100C8BB2F /* Resources */ = {
			isa = PBXGroup;
			children = (
				6CD6CCE1257927FE00B78C98 /* crowded.json */,
				6CE98A41256642F100C8BB2F /* LaunchScreen.storyboard */,
				6CE98A39256642EF00C8BB2F /* Main.storyboard */,
				6CE98A3F256642F100C8BB2F /* Assets.xcassets */,
				6C2658072567BF740096FD5D /* Colours.xcassets */,
			);
			path = Resources;
			sourceTree = "<group>";
		};
		6CE98A7025664B3B00C8BB2F /* Database */ = {
			isa = PBXGroup;
			children = (
				6CE98A3C256642EF00C8BB2F /* Crowded.xcdatamodeld */,
			);
			path = Database;
			sourceTree = "<group>";
		};
		6CE98A7125664B4800C8BB2F /* Model */ = {
			isa = PBXGroup;
			children = (
				6C26565D256675190096FD5D /* Network */,
				6CE98AE1256659CE00C8BB2F /* Class */,
				6CE98A7025664B3B00C8BB2F /* Database */,
				6CD6CD0B25793B4400B78C98 /* Extensions */,
				6C26576325679A860096FD5D /* Constant.swift */,
				6C1AF37826FA1F1000DD166F /* ReportType.swift */,
			);
			path = Model;
			sourceTree = "<group>";
		};
		6CE98A7925664BD100C8BB2F /* View */ = {
			isa = PBXGroup;
			children = (
				6C26576D2567A64E0096FD5D /* Settings */,
				6C2656AB2566B45B0096FD5D /* Business Table Cells */,
				6C26567A25668AAF0096FD5D /* Collection Header */,
				6C26567925668AA90096FD5D /* Businesses Collection Cells */,
				6C2657D62567B8680096FD5D /* TableViewLayout.swift */,
			);
			path = View;
			sourceTree = "<group>";
		};
		6CE98A8B25664D0100C8BB2F /* Supporting Files */ = {
			isa = PBXGroup;
			children = (
				6CE98A44256642F100C8BB2F /* Info.plist */,
				6CE98A7325664BBD00C8BB2F /* GoogleService-Info.plist */,
			);
			path = "Supporting Files";
			sourceTree = "<group>";
		};
		6CE98A8C25664DAB00C8BB2F /* Controllers */ = {
			isa = PBXGroup;
			children = (
				6C2657992567A75D0096FD5D /* Table */,
				6C2657792567A69B0096FD5D /* Settings */,
				6CE98A37256642EF00C8BB2F /* MainViewController.swift */,
				6C265685256691370096FD5D /* BusinessDetailViewController.swift */,
			);
			path = Controllers;
			sourceTree = "<group>";
		};
		6CE98AE1256659CE00C8BB2F /* Class */ = {
			isa = PBXGroup;
			children = (
				6CD6CCFB257935F700B78C98 /* Business.swift */,
				6CE98ADC256659CA00C8BB2F /* BusinessBase.swift */,
				6CD6CCE625792A4600B78C98 /* BusinessDetails.swift */,
			);
			path = Class;
			sourceTree = "<group>";
		};
		ED50B88C44D2F0DF6F961FEA /* Pods */ = {
			isa = PBXGroup;
			children = (
				99DB7D75D0393B5ED64EB3DC /* Pods-Crowded.debug.xcconfig */,
				6A3E9AD4DA9DE56F4B9790EA /* Pods-Crowded.release.xcconfig */,
				A981257F5E29D36E2F4832A4 /* Pods-Crowded-CrowdedUITests.debug.xcconfig */,
				6A5C93D9E0C71E4874EEA4A8 /* Pods-Crowded-CrowdedUITests.release.xcconfig */,
				E269DFC48C6B6A03073CFCC2 /* Pods-CrowdedTests.debug.xcconfig */,
				ACB25B2335846D1AF428B3A5 /* Pods-CrowdedTests.release.xcconfig */,
			);
			path = Pods;
			sourceTree = "<group>";
		};
		FA52CBF1F12117F396A6E732 /* Frameworks */ = {
			isa = PBXGroup;
			children = (
				C9C3E18415A651191868BC6B /* Pods_Crowded.framework */,
				A473FBF1D0CB343F459FA649 /* Pods_Crowded_CrowdedUITests.framework */,
				332D002A00E2356534C6B78F /* Pods_CrowdedTests.framework */,
			);
			name = Frameworks;
			sourceTree = "<group>";
		};
/* End PBXGroup section */

/* Begin PBXNativeTarget section */
		6CE98A2F256642EF00C8BB2F /* Crowded */ = {
			isa = PBXNativeTarget;
			buildConfigurationList = 6CE98A5D256642F100C8BB2F /* Build configuration list for PBXNativeTarget "Crowded" */;
			buildPhases = (
				EA2674904FFBD12FB62559B0 /* [CP] Check Pods Manifest.lock */,
				6CE98A2C256642EF00C8BB2F /* Sources */,
				6CE98A2D256642EF00C8BB2F /* Frameworks */,
				6CE98A2E256642EF00C8BB2F /* Resources */,
				4BE26EDA1BCEC24A99B7EC9A /* [CP] Embed Pods Frameworks */,
			);
			buildRules = (
			);
			dependencies = (
			);
			name = Crowded;
			productName = Crowded;
			productReference = 6CE98A30256642EF00C8BB2F /* Crowded.app */;
			productType = "com.apple.product-type.application";
		};
		6CE98A48256642F100C8BB2F /* CrowdedTests */ = {
			isa = PBXNativeTarget;
			buildConfigurationList = 6CE98A60256642F100C8BB2F /* Build configuration list for PBXNativeTarget "CrowdedTests" */;
			buildPhases = (
				35FCB6E042D8A41053851E8B /* [CP] Check Pods Manifest.lock */,
				6CE98A45256642F100C8BB2F /* Sources */,
				6CE98A46256642F100C8BB2F /* Frameworks */,
				6CE98A47256642F100C8BB2F /* Resources */,
			);
			buildRules = (
			);
			dependencies = (
				6CE98A4B256642F100C8BB2F /* PBXTargetDependency */,
			);
			name = CrowdedTests;
			productName = CrowdedTests;
			productReference = 6CE98A49256642F100C8BB2F /* CrowdedTests.xctest */;
			productType = "com.apple.product-type.bundle.unit-test";
		};
		6CE98A53256642F100C8BB2F /* CrowdedUITests */ = {
			isa = PBXNativeTarget;
			buildConfigurationList = 6CE98A63256642F100C8BB2F /* Build configuration list for PBXNativeTarget "CrowdedUITests" */;
			buildPhases = (
				CAEA6DD0BE7B3CB58831A91F /* [CP] Check Pods Manifest.lock */,
				6CE98A50256642F100C8BB2F /* Sources */,
				6CE98A51256642F100C8BB2F /* Frameworks */,
				6CE98A52256642F100C8BB2F /* Resources */,
				CB51AF1C9F4C061241B9DC93 /* [CP] Embed Pods Frameworks */,
			);
			buildRules = (
			);
			dependencies = (
				6CE98A56256642F100C8BB2F /* PBXTargetDependency */,
			);
			name = CrowdedUITests;
			productName = CrowdedUITests;
			productReference = 6CE98A54256642F100C8BB2F /* CrowdedUITests.xctest */;
			productType = "com.apple.product-type.bundle.ui-testing";
		};
/* End PBXNativeTarget section */

/* Begin PBXProject section */
		6CE98A28256642EF00C8BB2F /* Project object */ = {
			isa = PBXProject;
			attributes = {
				LastSwiftUpdateCheck = 1210;
				LastUpgradeCheck = 1210;
				TargetAttributes = {
					6CE98A2F256642EF00C8BB2F = {
						CreatedOnToolsVersion = 12.1;
					};
					6CE98A48256642F100C8BB2F = {
						CreatedOnToolsVersion = 12.1;
						TestTargetID = 6CE98A2F256642EF00C8BB2F;
					};
					6CE98A53256642F100C8BB2F = {
						CreatedOnToolsVersion = 12.1;
						TestTargetID = 6CE98A2F256642EF00C8BB2F;
					};
				};
			};
			buildConfigurationList = 6CE98A2B256642EF00C8BB2F /* Build configuration list for PBXProject "Crowded" */;
			compatibilityVersion = "Xcode 9.3";
			developmentRegion = en;
			hasScannedForEncodings = 0;
			knownRegions = (
				en,
				Base,
			);
			mainGroup = 6CE98A27256642EF00C8BB2F;
			productRefGroup = 6CE98A31256642EF00C8BB2F /* Products */;
			projectDirPath = "";
			projectRoot = "";
			targets = (
				6CE98A2F256642EF00C8BB2F /* Crowded */,
				6CE98A48256642F100C8BB2F /* CrowdedTests */,
				6CE98A53256642F100C8BB2F /* CrowdedUITests */,
			);
		};
/* End PBXProject section */

/* Begin PBXResourcesBuildPhase section */
		6CE98A2E256642EF00C8BB2F /* Resources */ = {
			isa = PBXResourcesBuildPhase;
			buildActionMask = 2147483647;
			files = (
				6C2657B62567A7F70096FD5D /* SpaceTableViewCell.xib in Resources */,
				6C2657C12567A7F70096FD5D /* TextViewTableViewCell.xib in Resources */,
				6C2657B82567A7F70096FD5D /* HeaderTableViewCell.xib in Resources */,
				6C2658082567BF740096FD5D /* Colours.xcassets in Resources */,
				6CD6CCE2257927FE00B78C98 /* crowded.json in Resources */,
				6C2657B52567A7F70096FD5D /* DetailsTableViewCell.xib in Resources */,
				6CE98A43256642F100C8BB2F /* LaunchScreen.storyboard in Resources */,
				6CE98A7425664BBD00C8BB2F /* GoogleService-Info.plist in Resources */,
				6CE98A40256642F100C8BB2F /* Assets.xcassets in Resources */,
				6CE98A3B256642EF00C8BB2F /* Main.storyboard in Resources */,
				6C2657C02567A7F70096FD5D /* SpacerTableViewCell.xib in Resources */,
				6C2657BC2567A7F70096FD5D /* TextFieldTableViewCell.xib in Resources */,
			);
			runOnlyForDeploymentPostprocessing = 0;
		};
		6CE98A47256642F100C8BB2F /* Resources */ = {
			isa = PBXResourcesBuildPhase;
			buildActionMask = 2147483647;
			files = (
			);
			runOnlyForDeploymentPostprocessing = 0;
		};
		6CE98A52256642F100C8BB2F /* Resources */ = {
			isa = PBXResourcesBuildPhase;
			buildActionMask = 2147483647;
			files = (
			);
			runOnlyForDeploymentPostprocessing = 0;
		};
/* End PBXResourcesBuildPhase section */

/* Begin PBXShellScriptBuildPhase section */
		35FCB6E042D8A41053851E8B /* [CP] Check Pods Manifest.lock */ = {
			isa = PBXShellScriptBuildPhase;
			buildActionMask = 2147483647;
			files = (
			);
			inputFileListPaths = (
			);
			inputPaths = (
				"${PODS_PODFILE_DIR_PATH}/Podfile.lock",
				"${PODS_ROOT}/Manifest.lock",
			);
			name = "[CP] Check Pods Manifest.lock";
			outputFileListPaths = (
			);
			outputPaths = (
				"$(DERIVED_FILE_DIR)/Pods-CrowdedTests-checkManifestLockResult.txt",
			);
			runOnlyForDeploymentPostprocessing = 0;
			shellPath = /bin/sh;
			shellScript = "diff \"${PODS_PODFILE_DIR_PATH}/Podfile.lock\" \"${PODS_ROOT}/Manifest.lock\" > /dev/null\nif [ $? != 0 ] ; then\n    # print error to STDERR\n    echo \"error: The sandbox is not in sync with the Podfile.lock. Run 'pod install' or update your CocoaPods installation.\" >&2\n    exit 1\nfi\n# This output is used by Xcode 'outputs' to avoid re-running this script phase.\necho \"SUCCESS\" > \"${SCRIPT_OUTPUT_FILE_0}\"\n";
			showEnvVarsInLog = 0;
		};
		4BE26EDA1BCEC24A99B7EC9A /* [CP] Embed Pods Frameworks */ = {
			isa = PBXShellScriptBuildPhase;
			buildActionMask = 2147483647;
			files = (
			);
			inputFileListPaths = (
				"${PODS_ROOT}/Target Support Files/Pods-Crowded/Pods-Crowded-frameworks-${CONFIGURATION}-input-files.xcfilelist",
			);
			name = "[CP] Embed Pods Frameworks";
			outputFileListPaths = (
				"${PODS_ROOT}/Target Support Files/Pods-Crowded/Pods-Crowded-frameworks-${CONFIGURATION}-output-files.xcfilelist",
			);
			runOnlyForDeploymentPostprocessing = 0;
			shellPath = /bin/sh;
			shellScript = "\"${PODS_ROOT}/Target Support Files/Pods-Crowded/Pods-Crowded-frameworks.sh\"\n";
			showEnvVarsInLog = 0;
		};
		CAEA6DD0BE7B3CB58831A91F /* [CP] Check Pods Manifest.lock */ = {
			isa = PBXShellScriptBuildPhase;
			buildActionMask = 2147483647;
			files = (
			);
			inputFileListPaths = (
			);
			inputPaths = (
				"${PODS_PODFILE_DIR_PATH}/Podfile.lock",
				"${PODS_ROOT}/Manifest.lock",
			);
			name = "[CP] Check Pods Manifest.lock";
			outputFileListPaths = (
			);
			outputPaths = (
				"$(DERIVED_FILE_DIR)/Pods-Crowded-CrowdedUITests-checkManifestLockResult.txt",
			);
			runOnlyForDeploymentPostprocessing = 0;
			shellPath = /bin/sh;
			shellScript = "diff \"${PODS_PODFILE_DIR_PATH}/Podfile.lock\" \"${PODS_ROOT}/Manifest.lock\" > /dev/null\nif [ $? != 0 ] ; then\n    # print error to STDERR\n    echo \"error: The sandbox is not in sync with the Podfile.lock. Run 'pod install' or update your CocoaPods installation.\" >&2\n    exit 1\nfi\n# This output is used by Xcode 'outputs' to avoid re-running this script phase.\necho \"SUCCESS\" > \"${SCRIPT_OUTPUT_FILE_0}\"\n";
			showEnvVarsInLog = 0;
		};
		CB51AF1C9F4C061241B9DC93 /* [CP] Embed Pods Frameworks */ = {
			isa = PBXShellScriptBuildPhase;
			buildActionMask = 2147483647;
			files = (
			);
			inputFileListPaths = (
				"${PODS_ROOT}/Target Support Files/Pods-Crowded-CrowdedUITests/Pods-Crowded-CrowdedUITests-frameworks-${CONFIGURATION}-input-files.xcfilelist",
			);
			name = "[CP] Embed Pods Frameworks";
			outputFileListPaths = (
				"${PODS_ROOT}/Target Support Files/Pods-Crowded-CrowdedUITests/Pods-Crowded-CrowdedUITests-frameworks-${CONFIGURATION}-output-files.xcfilelist",
			);
			runOnlyForDeploymentPostprocessing = 0;
			shellPath = /bin/sh;
			shellScript = "\"${PODS_ROOT}/Target Support Files/Pods-Crowded-CrowdedUITests/Pods-Crowded-CrowdedUITests-frameworks.sh\"\n";
			showEnvVarsInLog = 0;
		};
		EA2674904FFBD12FB62559B0 /* [CP] Check Pods Manifest.lock */ = {
			isa = PBXShellScriptBuildPhase;
			buildActionMask = 2147483647;
			files = (
			);
			inputFileListPaths = (
			);
			inputPaths = (
				"${PODS_PODFILE_DIR_PATH}/Podfile.lock",
				"${PODS_ROOT}/Manifest.lock",
			);
			name = "[CP] Check Pods Manifest.lock";
			outputFileListPaths = (
			);
			outputPaths = (
				"$(DERIVED_FILE_DIR)/Pods-Crowded-checkManifestLockResult.txt",
			);
			runOnlyForDeploymentPostprocessing = 0;
			shellPath = /bin/sh;
			shellScript = "diff \"${PODS_PODFILE_DIR_PATH}/Podfile.lock\" \"${PODS_ROOT}/Manifest.lock\" > /dev/null\nif [ $? != 0 ] ; then\n    # print error to STDERR\n    echo \"error: The sandbox is not in sync with the Podfile.lock. Run 'pod install' or update your CocoaPods installation.\" >&2\n    exit 1\nfi\n# This output is used by Xcode 'outputs' to avoid re-running this script phase.\necho \"SUCCESS\" > \"${SCRIPT_OUTPUT_FILE_0}\"\n";
			showEnvVarsInLog = 0;
		};
/* End PBXShellScriptBuildPhase section */

/* Begin PBXSourcesBuildPhase section */
		6CE98A2C256642EF00C8BB2F /* Sources */ = {
			isa = PBXSourcesBuildPhase;
			buildActionMask = 2147483647;
			files = (
				6C26579B2567A7650096FD5D /* EditingTableViewController.swift in Sources */,
				6C265686256691370096FD5D /* BusinessDetailViewController.swift in Sources */,
				6C2657BA2567A7F70096FD5D /* SpaceTableViewCell.swift in Sources */,
				6C26565F256675310096FD5D /* NetworkController.swift in Sources */,
				6C2657D72567B8680096FD5D /* TableViewLayout.swift in Sources */,
				6C26567C25668ADB0096FD5D /* LocationHeader.swift in Sources */,
				6C1AF37926FA1F1000DD166F /* ReportType.swift in Sources */,
				6CE98A3E256642EF00C8BB2F /* Crowded.xcdatamodeld in Sources */,
				6CE98A38256642EF00C8BB2F /* MainViewController.swift in Sources */,
				6CE98B1A25666E9500C8BB2F /* FeaturedCollectionViewCell.swift in Sources */,
				6C2657A32567A78D0096FD5D /* TableViewController.swift in Sources */,
				6C26576925679B220096FD5D /* BMError.swift in Sources */,
				6C2656AD2566B4800096FD5D /* BusinessImageHeaderTableViewCell.swift in Sources */,
				6C2657BF2567A7F70096FD5D /* TextFieldTableViewCell.swift in Sources */,
				6C2657882567A6DF0096FD5D /* WebViewController.swift in Sources */,
				6CE98AFD2566654500C8BB2F /* Extension.swift in Sources */,
				6C2656BA2566B4B90096FD5D /* BusinessLocationTableViewCell.swift in Sources */,
				6C2657BD2567A7F70096FD5D /* DetailsTableViewCell.swift in Sources */,
				6C2657BE2567A7F70096FD5D /* TextViewTableViewCell.swift in Sources */,
				6CD6CCE725792A4600B78C98 /* BusinessDetails.swift in Sources */,
				6C26578D2567A6EF0096FD5D /* ReportViewController.swift in Sources */,
				6CE98B1525666D0D00C8BB2F /* BusinessCollectionViewCell.swift in Sources */,
				6CE98A34256642EF00C8BB2F /* AppDelegate.swift in Sources */,
				6C26576425679A860096FD5D /* Constant.swift in Sources */,
				6C2656B52566B49E0096FD5D /* BusinessHeaderTableViewCell.swift in Sources */,
				6C2656BF2566B4D20096FD5D /* BusinessContactTableViewCell.swift in Sources */,
				6CD6CCFC257935F700B78C98 /* Business.swift in Sources */,
				6C2656C72566C0E90096FD5D /* ReusableViewEnum.swift in Sources */,
				6C2657B72567A7F70096FD5D /* SpacerTableViewCell.swift in Sources */,
				6CE98ADD256659CA00C8BB2F /* BusinessBase.swift in Sources */,
				6C2657832567A6CC0096FD5D /* BaseViewController.swift in Sources */,
				6C2657B92567A7F70096FD5D /* HeaderTableViewCell.swift in Sources */,
				6C26576F2567A6560096FD5D /* SettingsTableViewCell.swift in Sources */,
				6CE98A36256642EF00C8BB2F /* SceneDelegate.swift in Sources */,
				6C26577B2567A6AB0096FD5D /* SettingsViewController.swift in Sources */,
			);
			runOnlyForDeploymentPostprocessing = 0;
		};
		6CE98A45256642F100C8BB2F /* Sources */ = {
			isa = PBXSourcesBuildPhase;
			buildActionMask = 2147483647;
			files = (
				6CE98A4E256642F100C8BB2F /* CrowdedTests.swift in Sources */,
			);
			runOnlyForDeploymentPostprocessing = 0;
		};
		6CE98A50256642F100C8BB2F /* Sources */ = {
			isa = PBXSourcesBuildPhase;
			buildActionMask = 2147483647;
			files = (
				6CE98A59256642F100C8BB2F /* CrowdedUITests.swift in Sources */,
			);
			runOnlyForDeploymentPostprocessing = 0;
		};
/* End PBXSourcesBuildPhase section */

/* Begin PBXTargetDependency section */
		6CE98A4B256642F100C8BB2F /* PBXTargetDependency */ = {
			isa = PBXTargetDependency;
			target = 6CE98A2F256642EF00C8BB2F /* Crowded */;
			targetProxy = 6CE98A4A256642F100C8BB2F /* PBXContainerItemProxy */;
		};
		6CE98A56256642F100C8BB2F /* PBXTargetDependency */ = {
			isa = PBXTargetDependency;
			target = 6CE98A2F256642EF00C8BB2F /* Crowded */;
			targetProxy = 6CE98A55256642F100C8BB2F /* PBXContainerItemProxy */;
		};
/* End PBXTargetDependency section */

/* Begin PBXVariantGroup section */
		6CE98A39256642EF00C8BB2F /* Main.storyboard */ = {
			isa = PBXVariantGroup;
			children = (
				6CE98A3A256642EF00C8BB2F /* Base */,
			);
			name = Main.storyboard;
			sourceTree = "<group>";
		};
		6CE98A41256642F100C8BB2F /* LaunchScreen.storyboard */ = {
			isa = PBXVariantGroup;
			children = (
				6CE98A42256642F100C8BB2F /* Base */,
			);
			name = LaunchScreen.storyboard;
			sourceTree = "<group>";
		};
/* End PBXVariantGroup section */

/* Begin XCBuildConfiguration section */
		6CE98A5B256642F100C8BB2F /* Debug */ = {
			isa = XCBuildConfiguration;
			buildSettings = {
				ALWAYS_SEARCH_USER_PATHS = NO;
				CLANG_ANALYZER_NONNULL = YES;
				CLANG_ANALYZER_NUMBER_OBJECT_CONVERSION = YES_AGGRESSIVE;
				CLANG_CXX_LANGUAGE_STANDARD = "gnu++14";
				CLANG_CXX_LIBRARY = "libc++";
				CLANG_ENABLE_MODULES = YES;
				CLANG_ENABLE_OBJC_ARC = YES;
				CLANG_ENABLE_OBJC_WEAK = YES;
				CLANG_WARN_BLOCK_CAPTURE_AUTORELEASING = YES;
				CLANG_WARN_BOOL_CONVERSION = YES;
				CLANG_WARN_COMMA = YES;
				CLANG_WARN_CONSTANT_CONVERSION = YES;
				CLANG_WARN_DEPRECATED_OBJC_IMPLEMENTATIONS = YES;
				CLANG_WARN_DIRECT_OBJC_ISA_USAGE = YES_ERROR;
				CLANG_WARN_DOCUMENTATION_COMMENTS = YES;
				CLANG_WARN_EMPTY_BODY = YES;
				CLANG_WARN_ENUM_CONVERSION = YES;
				CLANG_WARN_INFINITE_RECURSION = YES;
				CLANG_WARN_INT_CONVERSION = YES;
				CLANG_WARN_NON_LITERAL_NULL_CONVERSION = YES;
				CLANG_WARN_OBJC_IMPLICIT_RETAIN_SELF = YES;
				CLANG_WARN_OBJC_LITERAL_CONVERSION = YES;
				CLANG_WARN_OBJC_ROOT_CLASS = YES_ERROR;
				CLANG_WARN_QUOTED_INCLUDE_IN_FRAMEWORK_HEADER = YES;
				CLANG_WARN_RANGE_LOOP_ANALYSIS = YES;
				CLANG_WARN_STRICT_PROTOTYPES = YES;
				CLANG_WARN_SUSPICIOUS_MOVE = YES;
				CLANG_WARN_UNGUARDED_AVAILABILITY = YES_AGGRESSIVE;
				CLANG_WARN_UNREACHABLE_CODE = YES;
				CLANG_WARN__DUPLICATE_METHOD_MATCH = YES;
				COPY_PHASE_STRIP = NO;
				DEBUG_INFORMATION_FORMAT = dwarf;
				ENABLE_STRICT_OBJC_MSGSEND = YES;
				ENABLE_TESTABILITY = YES;
				GCC_C_LANGUAGE_STANDARD = gnu11;
				GCC_DYNAMIC_NO_PIC = NO;
				GCC_NO_COMMON_BLOCKS = YES;
				GCC_OPTIMIZATION_LEVEL = 0;
				GCC_PREPROCESSOR_DEFINITIONS = (
					"DEBUG=1",
					"$(inherited)",
				);
				GCC_WARN_64_TO_32_BIT_CONVERSION = YES;
				GCC_WARN_ABOUT_RETURN_TYPE = YES_ERROR;
				GCC_WARN_UNDECLARED_SELECTOR = YES;
				GCC_WARN_UNINITIALIZED_AUTOS = YES_AGGRESSIVE;
				GCC_WARN_UNUSED_FUNCTION = YES;
				GCC_WARN_UNUSED_VARIABLE = YES;
				IPHONEOS_DEPLOYMENT_TARGET = 14.1;
				MTL_ENABLE_DEBUG_INFO = INCLUDE_SOURCE;
				MTL_FAST_MATH = YES;
				ONLY_ACTIVE_ARCH = YES;
				SDKROOT = iphoneos;
				SWIFT_ACTIVE_COMPILATION_CONDITIONS = DEBUG;
				SWIFT_OPTIMIZATION_LEVEL = "-Onone";
			};
			name = Debug;
		};
		6CE98A5C256642F100C8BB2F /* Release */ = {
			isa = XCBuildConfiguration;
			buildSettings = {
				ALWAYS_SEARCH_USER_PATHS = NO;
				CLANG_ANALYZER_NONNULL = YES;
				CLANG_ANALYZER_NUMBER_OBJECT_CONVERSION = YES_AGGRESSIVE;
				CLANG_CXX_LANGUAGE_STANDARD = "gnu++14";
				CLANG_CXX_LIBRARY = "libc++";
				CLANG_ENABLE_MODULES = YES;
				CLANG_ENABLE_OBJC_ARC = YES;
				CLANG_ENABLE_OBJC_WEAK = YES;
				CLANG_WARN_BLOCK_CAPTURE_AUTORELEASING = YES;
				CLANG_WARN_BOOL_CONVERSION = YES;
				CLANG_WARN_COMMA = YES;
				CLANG_WARN_CONSTANT_CONVERSION = YES;
				CLANG_WARN_DEPRECATED_OBJC_IMPLEMENTATIONS = YES;
				CLANG_WARN_DIRECT_OBJC_ISA_USAGE = YES_ERROR;
				CLANG_WARN_DOCUMENTATION_COMMENTS = YES;
				CLANG_WARN_EMPTY_BODY = YES;
				CLANG_WARN_ENUM_CONVERSION = YES;
				CLANG_WARN_INFINITE_RECURSION = YES;
				CLANG_WARN_INT_CONVERSION = YES;
				CLANG_WARN_NON_LITERAL_NULL_CONVERSION = YES;
				CLANG_WARN_OBJC_IMPLICIT_RETAIN_SELF = YES;
				CLANG_WARN_OBJC_LITERAL_CONVERSION = YES;
				CLANG_WARN_OBJC_ROOT_CLASS = YES_ERROR;
				CLANG_WARN_QUOTED_INCLUDE_IN_FRAMEWORK_HEADER = YES;
				CLANG_WARN_RANGE_LOOP_ANALYSIS = YES;
				CLANG_WARN_STRICT_PROTOTYPES = YES;
				CLANG_WARN_SUSPICIOUS_MOVE = YES;
				CLANG_WARN_UNGUARDED_AVAILABILITY = YES_AGGRESSIVE;
				CLANG_WARN_UNREACHABLE_CODE = YES;
				CLANG_WARN__DUPLICATE_METHOD_MATCH = YES;
				COPY_PHASE_STRIP = NO;
				DEBUG_INFORMATION_FORMAT = "dwarf-with-dsym";
				ENABLE_NS_ASSERTIONS = NO;
				ENABLE_STRICT_OBJC_MSGSEND = YES;
				GCC_C_LANGUAGE_STANDARD = gnu11;
				GCC_NO_COMMON_BLOCKS = YES;
				GCC_WARN_64_TO_32_BIT_CONVERSION = YES;
				GCC_WARN_ABOUT_RETURN_TYPE = YES_ERROR;
				GCC_WARN_UNDECLARED_SELECTOR = YES;
				GCC_WARN_UNINITIALIZED_AUTOS = YES_AGGRESSIVE;
				GCC_WARN_UNUSED_FUNCTION = YES;
				GCC_WARN_UNUSED_VARIABLE = YES;
				IPHONEOS_DEPLOYMENT_TARGET = 14.1;
				MTL_ENABLE_DEBUG_INFO = NO;
				MTL_FAST_MATH = YES;
				SDKROOT = iphoneos;
				SWIFT_COMPILATION_MODE = wholemodule;
				SWIFT_OPTIMIZATION_LEVEL = "-O";
				VALIDATE_PRODUCT = YES;
			};
			name = Release;
		};
		6CE98A5E256642F100C8BB2F /* Debug */ = {
			isa = XCBuildConfiguration;
			baseConfigurationReference = 99DB7D75D0393B5ED64EB3DC /* Pods-Crowded.debug.xcconfig */;
			buildSettings = {
				ASSETCATALOG_COMPILER_APPICON_NAME = AppIcon;
				ASSETCATALOG_COMPILER_GLOBAL_ACCENT_COLOR_NAME = AccentColor;
				CODE_SIGN_STYLE = Automatic;
				CURRENT_PROJECT_VERSION = 5;
				DEVELOPMENT_TEAM = 354ZXG6M8K;
				INFOPLIST_FILE = "$(SRCROOT)/Crowded/Supporting Files/Info.plist";
				IPHONEOS_DEPLOYMENT_TARGET = 13.0;
				LD_RUNPATH_SEARCH_PATHS = (
					"$(inherited)",
					"@executable_path/Frameworks",
				);
				PRODUCT_BUNDLE_IDENTIFIER = "com.ellisappdev.crowded-app-ios";
				PRODUCT_NAME = "$(TARGET_NAME)";
				SWIFT_VERSION = 5.0;
				TARGETED_DEVICE_FAMILY = 1;
			};
			name = Debug;
		};
		6CE98A5F256642F100C8BB2F /* Release */ = {
			isa = XCBuildConfiguration;
			baseConfigurationReference = 6A3E9AD4DA9DE56F4B9790EA /* Pods-Crowded.release.xcconfig */;
			buildSettings = {
				ASSETCATALOG_COMPILER_APPICON_NAME = AppIcon;
				ASSETCATALOG_COMPILER_GLOBAL_ACCENT_COLOR_NAME = AccentColor;
				CODE_SIGN_STYLE = Automatic;
				CURRENT_PROJECT_VERSION = 5;
				DEVELOPMENT_TEAM = 354ZXG6M8K;
				INFOPLIST_FILE = "$(SRCROOT)/Crowded/Supporting Files/Info.plist";
				IPHONEOS_DEPLOYMENT_TARGET = 13.0;
				LD_RUNPATH_SEARCH_PATHS = (
					"$(inherited)",
					"@executable_path/Frameworks",
				);
				PRODUCT_BUNDLE_IDENTIFIER = "com.ellisappdev.crowded-app-ios";
				PRODUCT_NAME = "$(TARGET_NAME)";
				SWIFT_VERSION = 5.0;
				TARGETED_DEVICE_FAMILY = 1;
			};
			name = Release;
		};
		6CE98A61256642F100C8BB2F /* Debug */ = {
			isa = XCBuildConfiguration;
			baseConfigurationReference = E269DFC48C6B6A03073CFCC2 /* Pods-CrowdedTests.debug.xcconfig */;
			buildSettings = {
				ALWAYS_EMBED_SWIFT_STANDARD_LIBRARIES = YES;
				BUNDLE_LOADER = "$(TEST_HOST)";
				CODE_SIGN_STYLE = Automatic;
				DEVELOPMENT_TEAM = 9L9W7M229J;
				INFOPLIST_FILE = CrowdedTests/Info.plist;
				IPHONEOS_DEPLOYMENT_TARGET = 14.1;
				LD_RUNPATH_SEARCH_PATHS = (
					"$(inherited)",
					"@executable_path/Frameworks",
					"@loader_path/Frameworks",
				);
				PRODUCT_BUNDLE_IDENTIFIER = com.ellisappdev.CrowdedTests;
				PRODUCT_NAME = "$(TARGET_NAME)";
				SWIFT_VERSION = 5.0;
				TARGETED_DEVICE_FAMILY = "1,2";
				TEST_HOST = "$(BUILT_PRODUCTS_DIR)/Crowded.app/Crowded";
			};
			name = Debug;
		};
		6CE98A62256642F100C8BB2F /* Release */ = {
			isa = XCBuildConfiguration;
			baseConfigurationReference = ACB25B2335846D1AF428B3A5 /* Pods-CrowdedTests.release.xcconfig */;
			buildSettings = {
				ALWAYS_EMBED_SWIFT_STANDARD_LIBRARIES = YES;
				BUNDLE_LOADER = "$(TEST_HOST)";
				CODE_SIGN_STYLE = Automatic;
				DEVELOPMENT_TEAM = 9L9W7M229J;
				INFOPLIST_FILE = CrowdedTests/Info.plist;
				IPHONEOS_DEPLOYMENT_TARGET = 14.1;
				LD_RUNPATH_SEARCH_PATHS = (
					"$(inherited)",
					"@executable_path/Frameworks",
					"@loader_path/Frameworks",
				);
				PRODUCT_BUNDLE_IDENTIFIER = com.ellisappdev.CrowdedTests;
				PRODUCT_NAME = "$(TARGET_NAME)";
				SWIFT_VERSION = 5.0;
				TARGETED_DEVICE_FAMILY = "1,2";
				TEST_HOST = "$(BUILT_PRODUCTS_DIR)/Crowded.app/Crowded";
			};
			name = Release;
		};
		6CE98A64256642F100C8BB2F /* Debug */ = {
			isa = XCBuildConfiguration;
			baseConfigurationReference = A981257F5E29D36E2F4832A4 /* Pods-Crowded-CrowdedUITests.debug.xcconfig */;
			buildSettings = {
				ALWAYS_EMBED_SWIFT_STANDARD_LIBRARIES = YES;
				CODE_SIGN_STYLE = Automatic;
				DEVELOPMENT_TEAM = 9L9W7M229J;
				INFOPLIST_FILE = CrowdedUITests/Info.plist;
				LD_RUNPATH_SEARCH_PATHS = (
					"$(inherited)",
					"@executable_path/Frameworks",
					"@loader_path/Frameworks",
				);
				PRODUCT_BUNDLE_IDENTIFIER = com.ellisappdev.CrowdedUITests;
				PRODUCT_NAME = "$(TARGET_NAME)";
				SWIFT_VERSION = 5.0;
				TARGETED_DEVICE_FAMILY = "1,2";
				TEST_TARGET_NAME = Crowded;
			};
			name = Debug;
		};
		6CE98A65256642F100C8BB2F /* Release */ = {
			isa = XCBuildConfiguration;
			baseConfigurationReference = 6A5C93D9E0C71E4874EEA4A8 /* Pods-Crowded-CrowdedUITests.release.xcconfig */;
			buildSettings = {
				ALWAYS_EMBED_SWIFT_STANDARD_LIBRARIES = YES;
				CODE_SIGN_STYLE = Automatic;
				DEVELOPMENT_TEAM = 9L9W7M229J;
				INFOPLIST_FILE = CrowdedUITests/Info.plist;
				LD_RUNPATH_SEARCH_PATHS = (
					"$(inherited)",
					"@executable_path/Frameworks",
					"@loader_path/Frameworks",
				);
				PRODUCT_BUNDLE_IDENTIFIER = com.ellisappdev.CrowdedUITests;
				PRODUCT_NAME = "$(TARGET_NAME)";
				SWIFT_VERSION = 5.0;
				TARGETED_DEVICE_FAMILY = "1,2";
				TEST_TARGET_NAME = Crowded;
			};
			name = Release;
		};
/* End XCBuildConfiguration section */

/* Begin XCConfigurationList section */
		6CE98A2B256642EF00C8BB2F /* Build configuration list for PBXProject "Crowded" */ = {
			isa = XCConfigurationList;
			buildConfigurations = (
				6CE98A5B256642F100C8BB2F /* Debug */,
				6CE98A5C256642F100C8BB2F /* Release */,
			);
			defaultConfigurationIsVisible = 0;
			defaultConfigurationName = Release;
		};
		6CE98A5D256642F100C8BB2F /* Build configuration list for PBXNativeTarget "Crowded" */ = {
			isa = XCConfigurationList;
			buildConfigurations = (
				6CE98A5E256642F100C8BB2F /* Debug */,
				6CE98A5F256642F100C8BB2F /* Release */,
			);
			defaultConfigurationIsVisible = 0;
			defaultConfigurationName = Release;
		};
		6CE98A60256642F100C8BB2F /* Build configuration list for PBXNativeTarget "CrowdedTests" */ = {
			isa = XCConfigurationList;
			buildConfigurations = (
				6CE98A61256642F100C8BB2F /* Debug */,
				6CE98A62256642F100C8BB2F /* Release */,
			);
			defaultConfigurationIsVisible = 0;
			defaultConfigurationName = Release;
		};
		6CE98A63256642F100C8BB2F /* Build configuration list for PBXNativeTarget "CrowdedUITests" */ = {
			isa = XCConfigurationList;
			buildConfigurations = (
				6CE98A64256642F100C8BB2F /* Debug */,
				6CE98A65256642F100C8BB2F /* Release */,
			);
			defaultConfigurationIsVisible = 0;
			defaultConfigurationName = Release;
		};
/* End XCConfigurationList section */

/* Begin XCVersionGroup section */
		6CE98A3C256642EF00C8BB2F /* Crowded.xcdatamodeld */ = {
			isa = XCVersionGroup;
			children = (
				6CE98A3D256642EF00C8BB2F /* Crowded.xcdatamodel */,
			);
			currentVersion = 6CE98A3D256642EF00C8BB2F /* Crowded.xcdatamodel */;
			path = Crowded.xcdatamodeld;
			sourceTree = "<group>";
			versionGroupType = wrapper.xcdatamodel;
		};
/* End XCVersionGroup section */
	};
	rootObject = 6CE98A28256642EF00C8BB2F /* Project object */;
}
